
Microsoft Visual Studio Solution File, Format Version 12.00
# Visual Studio Version 16
VisualStudioVersion = 16.0.32228.343
MinimumVisualStudioVersion = 10.0.40219.1
Project("{FAE04EC0-301F-11D3-BF4B-00C04F79EFBC}") = "ConsoleAppArray", "ConsoleAppArray\ConsoleAppArray.csproj", "{2E9D399E-ED5B-477D-B1E1-22BCF7B582F3}"
EndProject
Global
	GlobalSection(SolutionConfigurationPlatforms) = preSolution
		Debug|Any CPU = Debug|Any CPU
		Release|Any CPU = Release|Any CPU
	EndGlobalSection
	GlobalSection(ProjectConfigurationPlatforms) = postSolution
		{2E9D399E-ED5B-477D-B1E1-22BCF7B582F3}.Debug|Any CPU.ActiveCfg = Debug|Any CPU
		{2E9D399E-ED5B-477D-B1E1-22BCF7B582F3}.Debug|Any CPU.Build.0 = Debug|Any CPU
		{2E9D399E-ED5B-477D-B1E1-22BCF7B582F3}.Release|Any CPU.ActiveCfg = Release|Any CPU
		{2E9D399E-ED5B-477D-B1E1-22BCF7B582F3}.Release|Any CPU.Build.0 = Release|Any CPU
	EndGlobalSection
	GlobalSection(SolutionProperties) = preSolution
		HideSolutionNode = FALSE
	EndGlobalSection
	GlobalSection(ExtensibilityGlobals) = postSolution
		SolutionGuid = {13309721-4040-426F-9C58-D4D39FCE0503}
	EndGlobalSection
EndGlobal
